version = 1
revision = 3
requires-python = ">=3.11"

[manifest]
requirements = [
    { name = "uv", specifier = "==0.9.19" },
    { name = "uvicorn", specifier = "==0.41.0" },
]

[[package]]
name = "click"
version = "8.3.1"
source = { registry = "https://pypi.org/simple" }
dependencies = [
    { name = "colorama", marker = "sys_platform == 'win32'" },
]
sdist = { url = "https://files.pythonhosted.org/packages/3d/fa/656b739db8587d7b5dfa22e22ed02566950fbfbcdc20311993483657a5c0/click-8.3.1.tar.gz", hash = "sha256:12ff4785d337a1bb490bb7e9c2b1ee5da3112e94a8622f26a6c77f5d2fc6842a", size = 295065, upload-time = "2025-11-15T20:45:42.706Z" }
wheels = [
    { url = "https://files.pythonhosted.org/packages/98/78/01c019cdb5d6498122777c1a43056ebb3ebfeef2076d9d026bfe15583b2b/click-8.3.1-py3-none-any.whl", hash = "sha256:981153a64e25f12d547d3426c367a4857371575ee7ad18df2a6183ab0545b2a6", size = 108274, upload-time = "2025-11-15T20:45:41.139Z" },
]

[[package]]
name = "colorama"
version = "0.4.6"
source = { registry = "https://pypi.org/simple" }
sdist = { url = "https://files.pythonhosted.org/packages/d8/53/6f443c9a4a8358a93a6792e2acffb9d9d5cb0a5cfd8802644b7b1c9a02e4/colorama-0.4.6.tar.gz", hash = "sha256:08695f5cb7ed6e0531a20572697297273c47b8cae5a63ffc6d6ed5c201be6e44", size = 27697, upload-time = "2022-10-25T02:36:22.414Z" }
wheels = [
    { url = "https://files.pythonhosted.org/packages/d1/d6/3965ed04c63042e047cb6a3e6ed1a63a35087b6a609aa3a15ed8ac56c221/colorama-0.4.6-py2.py3-none-any.whl", hash = "sha256:4f1d9991f5acc0ca119f9d443620b77f9d6b33703e51011c16baf57afb285fc6", size = 25335, upload-time = "2022-10-25T02:36:20.889Z" },
]

[[package]]
name = "h11"
version = "0.16.0"
source = { registry = "https://pypi.org/simple" }
sdist = { url = "https://files.pythonhosted.org/packages/01/ee/02a2c011bdab74c6fb3c75474d40b3052059d95df7e73351460c8588d963/h11-0.16.0.tar.gz", hash = "sha256:4e35b956cf45792e4caa5885e69fba00bdbc6ffafbfa020300e549b208ee5ff1", size = 101250, upload-time = "2025-04-24T03:35:25.427Z" }
wheels = [
    { url = "https://files.pythonhosted.org/packages/04/4b/29cac41a4d98d144bf5f6d33995617b185d14b22401f75ca86f384e87ff1/h11-0.16.0-py3-none-any.whl", hash = "sha256:63cf8bbe7522de3bf65932fda1d9c2772064ffb3dae62d55932da54b31cb6c86", size = 37515, upload-time = "2025-04-24T03:35:24.344Z" },
]

[[package]]
name = "uv"
version = "0.9.19"
source = { registry = "https://pypi.org/simple" }
sdist = { url = "https://files.pythonhosted.org/packages/13/53/33f1781f7f15ee0f51239236f7713f4931eee6a6419e5cb5995bd9f5b4a6/uv-0.9.19.tar.gz", hash = "sha256:3d8f3977db93b61b5aea72e99b63ae7be40eed021a9ecdc5a4ae6f4bc6642217", size = 3833010, upload-time = "2025-12-29T19:06:31.023Z" }
wheels = [
    { url = "https://files.pythonhosted.org/packages/82/3d/1fbb85f54b4d8d711130dc7dc8ae30463e763001bd139b1b553f18994255/uv-0.9.19-py3-none-linux_armv6l.whl", hash = "sha256:87642475a97bd3a8c274436082641bd12ad5a5fe8c9ae84ba2ae335fa871c2d2", size = 21307500, upload-time = "2025-12-29T19:06:39.878Z" },
    { url = "https://files.pythonhosted.org/packages/22/20/b5fc59e29b6373fd737faef3678e533e7e701de6e78723b1a2255197b60c/uv-0.9.19-py3-none-macosx_10_12_x86_64.whl", hash = "sha256:715da9d24c5884b1c91ea25bcb9b813c59222dd94e22c4b0d30900e11c0aa3f5", size = 20490151, upload-time = "2025-12-29T19:06:37.563Z" },
    { url = "https://files.pythonhosted.org/packages/88/86/a90684ae29ae3e54ec2c2e65e15d66c96d5deb8400db07e827fe837400d1/uv-0.9.19-py3-none-macosx_11_0_arm64.whl", hash = "sha256:9428e47a07a850b975540dd772c126a6cb0f7ecc8a198a8282b2d99681e929c7", size = 18979404, upload-time = "2025-12-29T19:06:35.138Z" },
    { url = "https://files.pythonhosted.org/packages/1d/de/d671ad250c77aa72cf5f3f6151dffc93f51fcab69de0c74dfe1a0203efaa/uv-0.9.19-py3-none-manylinux_2_17_aarch64.manylinux2014_aarch64.musllinux_1_1_aarch64.whl", hash = "sha256:2f0232f4152b36d071d3ac777a5143a33b4e9f521263553c4809e6b0c6f23a2c", size = 20816093, upload-time = "2025-12-29T19:06:46.66Z" },
    { url = "https://files.pythonhosted.org/packages/7f/b2/75cf178a669ac89937358c30bbeae481e3c67a5cabfa4f50007ce6ce3704/uv-0.9.19-py3-none-manylinux_2_17_armv7l.manylinux2014_armv7l.whl", hash = "sha256:d448813e36b99455de571b8fd0d2203cdbbf2db4da3e80285ed2ac6389d68d44", size = 20896017, upload-time = "2025-12-29T19:06:23.873Z" },
    { url = "https://files.pythonhosted.org/packages/72/d9/8f5be7a65b611cb465a628a4dfc7db52048aec785df26107d0d5c7427cef/uv-0.9.19-py3-none-manylinux_2_17_i686.manylinux2014_i686.whl", hash = "sha256:6930bb97864e3a678f7bb5a406e5550113727fd698b82b073e88e0c0da4ff7d9", size = 21967685, upload-time = "2025-12-29T19:06:32.75Z" },
    { url = "https://files.pythonhosted.org/packages/b3/b4/04795d20f7aba84d00a3a690583bae2d1324025e6dff26afb0a52ca2a42d/uv-0.9.19-py3-none-manylinux_2_17_ppc64.manylinux2014_ppc64.whl", hash = "sha256:2692ccfaf000058b9370183e1dc0dbc2ad0d2f344779f2b6cd3222fdfc810424", size = 23564116, upload-time = "2025-12-29T19:06:09.144Z" },
    { url = "https://files.pythonhosted.org/packages/51/8c/1deee32d56c4ff9251fd9328119cb6ae0411d9dc6742e7201f439ecd7db0/uv-0.9.19-py3-none-manylinux_2_17_ppc64le.manylinux2014_ppc64le.whl", hash = "sha256:4ff8c7d7363a0930ebb0c36dc18e700fd5a28305006a29b3e29d4238a9b98394", size = 23157307, upload-time = "2025-12-29T19:06:42.156Z" },
    { url = "https://files.pythonhosted.org/packages/4d/49/e52377826dfaf4ccd5a7fdc99bafffab0d18d32c03e9fb1e50fca6467b66/uv-0.9.19-py3-none-manylinux_2_17_s390x.manylinux2014_s390x.whl", hash = "sha256:1074358e6128d91c8de0b92b3fba82785dc254c2772ad75501a12bd36f0a6407", size = 22222073, upload-time = "2025-12-29T19:06:52.457Z" },
    { url = "https://files.pythonhosted.org/packages/1d/3a/5545ebad63e25de75053bdaff0c815f359c7f675553d1dbefe0d991f4cf1/uv-0.9.19-py3-none-manylinux_2_17_x86_64.manylinux2014_x86_64.whl", hash = "sha256:7a4d5be871300dab2b1b6d5fd7a94d7fb636e668049b4a9d27799cec595988b4", size = 22223906, upload-time = "2025-12-29T19:06:11.923Z" },
    { url = "https://files.pythonhosted.org/packages/00/dc/e721bdb30a851e4ab4ba0184a5977ee869a47121ff8d0a8495a65c0ae8fa/uv-0.9.19-py3-none-manylinux_2_28_aarch64.whl", hash = "sha256:ccf8de21e76519b676d8f2b202fc2d190cd702934eb35d7c05f784bd62b3611e", size = 20913405, upload-time = "2025-12-29T19:06:17.151Z" },
    { url = "https://files.pythonhosted.org/packages/fb/f2/52c8ec36b9f9eaa50068d37ba44fea751c391467a6720f10cd767404e4d6/uv-0.9.19-py3-none-manylinux_2_31_riscv64.whl", hash = "sha256:7fe1921526d536d2c4417973052baf9176b90200ba7a8c7fedf9e46850a8a202", size = 22064819, upload-time = "2025-12-29T19:06:19.449Z" },
    { url = "https://files.pythonhosted.org/packages/22/19/4c51bbbf878f1a7b2f4addbc5b2fbe8fca93c952bf714e2e3477c184fa73/uv-0.9.19-py3-none-musllinux_1_1_armv7l.whl", hash = "sha256:c203ef1955210ac5f6facb3d581836f8a185b0227165ec3a253bb18a58bf5db8", size = 20862755, upload-time = "2025-12-29T19:06:44.462Z" },
    { url = "https://files.pythonhosted.org/packages/5f/9a/fa7f8874177d067a5a7f85c802a6f57a6b4f290eef01a778cae15df96470/uv-0.9.19-py3-none-musllinux_1_1_i686.whl", hash = "sha256:7e93b019fec6ce967251fce91499263b9c4b20ef8cc5d3d7ce2c3099063e3408", size = 21413887, upload-time = "2025-12-29T19:06:49.039Z" },
    { url = "https://files.pythonhosted.org/packages/fe/3b/24d30d003f8a2fae74f89878f551876c0ab52064b4de818e97045fbd2fb3/uv-0.9.19-py3-none-musllinux_1_1_x86_64.whl", hash = "sha256:17df09406ddbf00485c2980029698c5b22591d9680d0d7c47d9e79d32ba62b5b", size = 22445289, upload-time = "2025-12-29T19:06:29.063Z" },
    { url = "https://files.pythonhosted.org/packages/ed/26/3b6daac12b506374833216e6b7b5f19c4323af40e1d918e425bca7b17135/uv-0.9.19-py3-none-win32.whl", hash = "sha256:484a9ac729b7cdf7e5aca4b19f351e7d42fc1955aab7bb1f7b2f79c33b8a23d4", size = 20054061, upload-time = "2025-12-29T19:06:14.492Z" },
    { url = "https://files.pythonhosted.org/packages/25/3b/6fc58a5f6201780d7bdb425ab9f6ec624088454a4ef5281a4beaee06b4dd/uv-0.9.19-py3-none-win_amd64.whl", hash = "sha256:0dce1582f887ee504bd621a9cd3b52878d346f2adeab31a873949cd95c1aae28", size = 22208803, upload-time = "2025-12-29T19:06:21.658Z" },
    { url = "https://files.pythonhosted.org/packages/2d/3d/6045be5c94aa99acb01598ae1ab45426ae0c54b9ef07d055bd4bdde0ae66/uv-0.9.19-py3-none-win_arm64.whl", hash = "sha256:8c2bf0f8375a476bbb824df8163955a18dad17729a0c88d6ca1314ced2f53a6c", size = 20571315, upload-time = "2025-12-29T19:06:26.39Z" },
]

[[package]]
name = "uvicorn"
version = "0.41.0"
source = { registry = "https://pypi.org/simple" }
dependencies = [
    { name = "click" },
    { name = "h11" },
]
sdist = { url = "https://files.pythonhosted.org/packages/32/ce/eeb58ae4ac36fe09e3842eb02e0eb676bf2c53ae062b98f1b2531673efdd/uvicorn-0.41.0.tar.gz", hash = "sha256:09d11cf7008da33113824ee5a1c6422d89fbc2ff476540d69a34c87fab8b571a", size = 82633, upload-time = "2026-02-16T23:07:24.1Z" }
wheels = [
    { url = "https://files.pythonhosted.org/packages/83/e4/d04a086285c20886c0daad0e026f250869201013d18f81d9ff5eada73a88/uvicorn-0.41.0-py3-none-any.whl", hash = "sha256:29e35b1d2c36a04b9e180d4007ede3bcb32a85fbdfd6c6aeb3f26839de088187", size = 68783, upload-time = "2026-02-16T23:07:22.357Z" },
]
